
Microsoft Visual Studio Solution File, Format Version 12.00
# Visual Studio Version 17
VisualStudioVersion = 17.6.33829.357
MinimumVisualStudioVersion = 10.0.40219.1
Project("{FAE04EC0-301F-11D3-BF4B-00C04F79EFBC}") = "SucesionFibonacci", "SucesionFibonacci\SucesionFibonacci.csproj", "{3C86ED2D-1FFA-4E7A-ABF4-101D0872BCCD}"
EndProject
Global
	GlobalSection(SolutionConfigurationPlatforms) = preSolution
		Debug|Any CPU = Debug|Any CPU
		Release|Any CPU = Release|Any CPU
	EndGlobalSection
	GlobalSection(ProjectConfigurationPlatforms) = postSolution
		{3C86ED2D-1FFA-4E7A-ABF4-101D0872BCCD}.Debug|Any CPU.ActiveCfg = Debug|Any CPU
		{3C86ED2D-1FFA-4E7A-ABF4-101D0872BCCD}.Debug|Any CPU.Build.0 = Debug|Any CPU
		{3C86ED2D-1FFA-4E7A-ABF4-101D0872BCCD}.Release|Any CPU.ActiveCfg = Release|Any CPU
		{3C86ED2D-1FFA-4E7A-ABF4-101D0872BCCD}.Release|Any CPU.Build.0 = Release|Any CPU
	EndGlobalSection
	GlobalSection(SolutionProperties) = preSolution
		HideSolutionNode = FALSE
	EndGlobalSection
	GlobalSection(ExtensibilityGlobals) = postSolution
		SolutionGuid = {78B5A182-B833-40CD-B367-5FD245AC6879}
	EndGlobalSection
EndGlobal
